
Microsoft Visual Studio Solution File, Format Version 12.00
# Visual Studio Version 16
VisualStudioVersion = 16.0.30320.27
MinimumVisualStudioVersion = 10.0.40219.1
Project("{FAE04EC0-301F-11D3-BF4B-00C04F79EFBC}") = "FIT5032_W04_ModelFirst", "FIT5032_W04_ModelFirst.csproj", "{9896CE85-2007-4951-B7E2-DCD7EC183051}"
EndProject
Global
	GlobalSection(SolutionConfigurationPlatforms) = preSolution
		Debug|Any CPU = Debug|Any CPU
		Release|Any CPU = Release|Any CPU
	EndGlobalSection
	GlobalSection(ProjectConfigurationPlatforms) = postSolution
		{9896CE85-2007-4951-B7E2-DCD7EC183051}.Debug|Any CPU.ActiveCfg = Debug|Any CPU
		{9896CE85-2007-4951-B7E2-DCD7EC183051}.Debug|Any CPU.Build.0 = Debug|Any CPU
		{9896CE85-2007-4951-B7E2-DCD7EC183051}.Release|Any CPU.ActiveCfg = Release|Any CPU
		{9896CE85-2007-4951-B7E2-DCD7EC183051}.Release|Any CPU.Build.0 = Release|Any CPU
	EndGlobalSection
	GlobalSection(SolutionProperties) = preSolution
		HideSolutionNode = FALSE
	EndGlobalSection
	GlobalSection(ExtensibilityGlobals) = postSolution
		SolutionGuid = {D69ADCD7-D9C1-491F-978F-D9ECEDC5AE92}
	EndGlobalSection
EndGlobal
